{
  "originHash" : "0526f666f9787b8b30a7280254bd7b737008d55580d94440bf3b23616c3c6207",
  "pins" : [
    {
      "identity" : "swift-http-types",
      "kind" : "remoteSourceControl",
      "location" : "https://github.com/apple/swift-http-types.git",
      "state" : {
        "revision" : "bff4b6903cdc99dda49649dd52f46c11cfd3ed50",
        "version" : "1.8.0"
      }
    },
    {
      "identity" : "swifty-networking",
      "kind" : "remoteSourceControl",
      "location" : "https://github.com/KalebCooper/swifty-networking.git",
      "state" : {
        "revision" : "d6f8fa3868778c721f0dc9ec8a63b1685cdf9199",
        "version" : "1.0.0"
      }
    }
  ],
  "version" : 3
}
